schema: '2.0'
stages:
  clean:
    cmd: python clean.py
    deps:
    - path: clean.py
      md5: 105d2973d0e84fcb49e502e36e4c00fd
      size: 1665
    - path: test.csv
      md5: ba8fdae95647d268e6170abb2f96369f
      size: 247187094
    - path: train.csv
      md5: 38d8ca74676e1be914a84d2ae3696318
      size: 318733334
    params:
      params.yaml:
        clean:
          scaler: false
    outs:
    - path: test.pickle
      md5: 473aaf98a9dbebf5cf94bbfb4c80ea91
      size: 246401471
    - path: train.pickle
      md5: d64f1b7feb316ee2dd7e36d6bf139d19
      size: 324001771
  train:
    cmd: python train.py
    deps:
    - path: train.pickle
      md5: d64f1b7feb316ee2dd7e36d6bf139d19
      size: 324001771
    - path: train.py
      md5: 33ee4cef5a47d0636a30858a0a4c58fe
      size: 3905
    params:
      params.yaml:
        train:
          lr_start: 0.003
          lr_end: 0.0001
          bs: 2048
          epochs: 100
          dropout: 0.2
          ensemble: false
    outs:
    - path: model
      md5: 9d1f424269ea66f002718a5581a50be5.dir
      size: 2639154
      nfiles: 4
    - path: training_metrics.json
      md5: b14b0196e97a787192e8d63b9660b271
      size: 151
    - path: training_metrics/scalars
      md5: 1480588c7d2e6153728fc62807493519.dir
      size: 14995
      nfiles: 4
  predict:
    cmd: python predict.py
    deps:
    - path: model
      md5: 9d1f424269ea66f002718a5581a50be5.dir
      size: 2639154
      nfiles: 4
    - path: predict.py
      md5: b9f19b9c4f2e93a3221e33d8749c9b24
      size: 1172
    - path: sample_submission.csv
      md5: 6da5a3183d83a067a0616552b258d9fa
      size: 8300010
    - path: test.pickle
      md5: 473aaf98a9dbebf5cf94bbfb4c80ea91
      size: 246401471
    params:
      params.yaml:
        train:
          lr_start: 0.003
          lr_end: 0.0001
          bs: 2048
          epochs: 100
          dropout: 0.2
          ensemble: false
    outs:
    - path: submission.csv
      md5: 6da5a3183d83a067a0616552b258d9fa
      size: 8300010
